// !$*UTF8*$!
{
	archiveVersion = 1;
	classes = {
	};
	objectVersion = 56;
	objects = {

/* Begin PBXBuildFile section */
		9F1D83E82CFCC16800223F2D /* AppDelegate.swift in Sources */ = {isa = PBXBuildFile; fileRef = 9F1D83E72CFCC16800223F2D /* AppDelegate.swift */; };
		9F1D83EA2CFCC16800223F2D /* SceneDelegate.swift in Sources */ = {isa = PBXBuildFile; fileRef = 9F1D83E92CFCC16800223F2D /* SceneDelegate.swift */; };
		9F1D83EC2CFCC16800223F2D /* ViewController.swift in Sources */ = {isa = PBXBuildFile; fileRef = 9F1D83EB2CFCC16800223F2D /* ViewController.swift */; };
		9F1D83EF2CFCC16800223F2D /* Base in Resources */ = {isa = PBXBuildFile; fileRef = 9F1D83EE2CFCC16800223F2D /* Base */; };
		9F1D83F12CFCC16A00223F2D /* Assets.xcassets in Resources */ = {isa = PBXBuildFile; fileRef = 9F1D83F02CFCC16A00223F2D /* Assets.xcassets */; };
		9F1D83F42CFCC16A00223F2D /* Base in Resources */ = {isa = PBXBuildFile; fileRef = 9F1D83F32CFCC16A00223F2D /* Base */; };
		9F1D83FF2CFCC16A00223F2D /* MY_BASICTests.swift in Sources */ = {isa = PBXBuildFile; fileRef = 9F1D83FE2CFCC16A00223F2D /* MY_BASICTests.swift */; };
		9F1D84092CFCC16A00223F2D /* MY_BASICUITests.swift in Sources */ = {isa = PBXBuildFile; fileRef = 9F1D84082CFCC16A00223F2D /* MY_BASICUITests.swift */; };
		9F1D840B2CFCC16A00223F2D /* MY_BASICUITestsLaunchTests.swift in Sources */ = {isa = PBXBuildFile; fileRef = 9F1D840A2CFCC16A00223F2D /* MY_BASICUITestsLaunchTests.swift */; };
/* End PBXBuildFile section */

/* Begin PBXContainerItemProxy section */
		9F1D83FB2CFCC16A00223F2D /* PBXContainerItemProxy */ = {
			isa = PBXContainerItemProxy;
			containerPortal = 9F1D83DC2CFCC16800223F2D /* Project object */;
			proxyType = 1;
			remoteGlobalIDString = 9F1D83E32CFCC16800223F2D;
			remoteInfo = "MY BASIC";
		};
		9F1D84052CFCC16A00223F2D /* PBXContainerItemProxy */ = {
			isa = PBXContainerItemProxy;
			containerPortal = 9F1D83DC2CFCC16800223F2D /* Project object */;
			proxyType = 1;
			remoteGlobalIDString = 9F1D83E32CFCC16800223F2D;
			remoteInfo = "MY BASIC";
		};
/* End PBXContainerItemProxy section */

/* Begin PBXFileReference section */
		9F1D83E42CFCC16800223F2D /* MY BASIC.app */ = {isa = PBXFileReference; explicitFileType = wrapper.application; includeInIndex = 0; path = "MY BASIC.app"; sourceTree = BUILT_PRODUCTS_DIR; };
		9F1D83E72CFCC16800223F2D /* AppDelegate.swift */ = {isa = PBXFileReference; lastKnownFileType = sourcecode.swift; path = AppDelegate.swift; sourceTree = "<group>"; };
		9F1D83E92CFCC16800223F2D /* SceneDelegate.swift */ = {isa = PBXFileReference; lastKnownFileType = sourcecode.swift; path = SceneDelegate.swift; sourceTree = "<group>"; };
		9F1D83EB2CFCC16800223F2D /* ViewController.swift */ = {isa = PBXFileReference; lastKnownFileType = sourcecode.swift; path = ViewController.swift; sourceTree = "<group>"; };
		9F1D83EE2CFCC16800223F2D /* Base */ = {isa = PBXFileReference; lastKnownFileType = file.storyboard; name = Base; path = Base.lproj/Main.storyboard; sourceTree = "<group>"; };
		9F1D83F02CFCC16A00223F2D /* Assets.xcassets */ = {isa = PBXFileReference; lastKnownFileType = folder.assetcatalog; path = Assets.xcassets; sourceTree = "<group>"; };
		9F1D83F32CFCC16A00223F2D /* Base */ = {isa = PBXFileReference; lastKnownFileType = file.storyboard; name = Base; path = Base.lproj/LaunchScreen.storyboard; sourceTree = "<group>"; };
		9F1D83F52CFCC16A00223F2D /* Info.plist */ = {isa = PBXFileReference; lastKnownFileType = text.plist.xml; path = Info.plist; sourceTree = "<group>"; };
		9F1D83FA2CFCC16A00223F2D /* MY BASICTests.xctest */ = {isa = PBXFileReference; explicitFileType = wrapper.cfbundle; includeInIndex = 0; path = "MY BASICTests.xctest"; sourceTree = BUILT_PRODUCTS_DIR; };
		9F1D83FE2CFCC16A00223F2D /* MY_BASICTests.swift */ = {isa = PBXFileReference; lastKnownFileType = sourcecode.swift; path = MY_BASICTests.swift; sourceTree = "<group>"; };
		9F1D84042CFCC16A00223F2D /* MY BASICUITests.xctest */ = {isa = PBXFileReference; explicitFileType = wrapper.cfbundle; includeInIndex = 0; path = "MY BASICUITests.xctest"; sourceTree = BUILT_PRODUCTS_DIR; };
		9F1D84082CFCC16A00223F2D /* MY_BASICUITests.swift */ = {isa = PBXFileReference; lastKnownFileType = sourcecode.swift; path = MY_BASICUITests.swift; sourceTree = "<group>"; };
		9F1D840A2CFCC16A00223F2D /* MY_BASICUITestsLaunchTests.swift */ = {isa = PBXFileReference; lastKnownFileType = sourcecode.swift; path = MY_BASICUITestsLaunchTests.swift; sourceTree = "<group>"; };
/* End PBXFileReference section */

/* Begin PBXFrameworksBuildPhase section */
		9F1D83E12CFCC16800223F2D /* Frameworks */ = {
			isa = PBXFrameworksBuildPhase;
			buildActionMask = 2147483647;
			files = (
			);
			runOnlyForDeploymentPostprocessing = 0;
		};
		9F1D83F72CFCC16A00223F2D /* Frameworks */ = {
			isa = PBXFrameworksBuildPhase;
			buildActionMask = 2147483647;
			files = (
			);
			runOnlyForDeploymentPostprocessing = 0;
		};
		9F1D84012CFCC16A00223F2D /* Frameworks */ = {
			isa = PBXFrameworksBuildPhase;
			buildActionMask = 2147483647;
			files = (
			);
			runOnlyForDeploymentPostprocessing = 0;
		};
/* End PBXFrameworksBuildPhase section */

/* Begin PBXGroup section */
		9F1D83DB2CFCC16800223F2D = {
			isa = PBXGroup;
			children = (
				9F1D83E62CFCC16800223F2D /* MY BASIC */,
				9F1D83FD2CFCC16A00223F2D /* MY BASICTests */,
				9F1D84072CFCC16A00223F2D /* MY BASICUITests */,
				9F1D83E52CFCC16800223F2D /* Products */,
			);
			sourceTree = "<group>";
		};
		9F1D83E52CFCC16800223F2D /* Products */ = {
			isa = PBXGroup;
			children = (
				9F1D83E42CFCC16800223F2D /* MY BASIC.app */,
				9F1D83FA2CFCC16A00223F2D /* MY BASICTests.xctest */,
				9F1D84042CFCC16A00223F2D /* MY BASICUITests.xctest */,
			);
			name = Products;
			sourceTree = "<group>";
		};
		9F1D83E62CFCC16800223F2D /* MY BASIC */ = {
			isa = PBXGroup;
			children = (
				9F1D83E72CFCC16800223F2D /* AppDelegate.swift */,
				9F1D83E92CFCC16800223F2D /* SceneDelegate.swift */,
				9F1D83EB2CFCC16800223F2D /* ViewController.swift */,
				9F1D83ED2CFCC16800223F2D /* Main.storyboard */,
				9F1D83F02CFCC16A00223F2D /* Assets.xcassets */,
				9F1D83F22CFCC16A00223F2D /* LaunchScreen.storyboard */,
				9F1D83F52CFCC16A00223F2D /* Info.plist */,
			);
			path = "MY BASIC";
			sourceTree = "<group>";
		};
		9F1D83FD2CFCC16A00223F2D /* MY BASICTests */ = {
			isa = PBXGroup;
			children = (
				9F1D83FE2CFCC16A00223F2D /* MY_BASICTests.swift */,
			);
			path = "MY BASICTests";
			sourceTree = "<group>";
		};
		9F1D84072CFCC16A00223F2D /* MY BASICUITests */ = {
			isa = PBXGroup;
			children = (
				9F1D84082CFCC16A00223F2D /* MY_BASICUITests.swift */,
				9F1D840A2CFCC16A00223F2D /* MY_BASICUITestsLaunchTests.swift */,
			);
			path = "MY BASICUITests";
			sourceTree = "<group>";
		};
/* End PBXGroup section */

/* Begin PBXNativeTarget section */
		9F1D83E32CFCC16800223F2D /* MY BASIC */ = {
			isa = PBXNativeTarget;
			buildConfigurationList = 9F1D840E2CFCC16A00223F2D /* Build configuration list for PBXNativeTarget "MY BASIC" */;
			buildPhases = (
				9F1D83E02CFCC16800223F2D /* Sources */,
				9F1D83E12CFCC16800223F2D /* Frameworks */,
				9F1D83E22CFCC16800223F2D /* Resources */,
			);
			buildRules = (
			);
			dependencies = (
			);
			name = "MY BASIC";
			productName = "MY BASIC";
			productReference = 9F1D83E42CFCC16800223F2D /* MY BASIC.app */;
			productType = "com.apple.product-type.application";
		};
		9F1D83F92CFCC16A00223F2D /* MY BASICTests */ = {
			isa = PBXNativeTarget;
			buildConfigurationList = 9F1D84112CFCC16A00223F2D /* Build configuration list for PBXNativeTarget "MY BASICTests" */;
			buildPhases = (
				9F1D83F62CFCC16A00223F2D /* Sources */,
				9F1D83F72CFCC16A00223F2D /* Frameworks */,
				9F1D83F82CFCC16A00223F2D /* Resources */,
			);
			buildRules = (
			);
			dependencies = (
				9F1D83FC2CFCC16A00223F2D /* PBXTargetDependency */,
			);
			name = "MY BASICTests";
			productName = "MY BASICTests";
			productReference = 9F1D83FA2CFCC16A00223F2D /* MY BASICTests.xctest */;
			productType = "com.apple.product-type.bundle.unit-test";
		};
		9F1D84032CFCC16A00223F2D /* MY BASICUITests */ = {
			isa = PBXNativeTarget;
			buildConfigurationList = 9F1D84142CFCC16A00223F2D /* Build configuration list for PBXNativeTarget "MY BASICUITests" */;
			buildPhases = (
				9F1D84002CFCC16A00223F2D /* Sources */,
				9F1D84012CFCC16A00223F2D /* Frameworks */,
				9F1D84022CFCC16A00223F2D /* Resources */,
			);
			buildRules = (
			);
			dependencies = (
				9F1D84062CFCC16A00223F2D /* PBXTargetDependency */,
			);
			name = "MY BASICUITests";
			productName = "MY BASICUITests";
			productReference = 9F1D84042CFCC16A00223F2D /* MY BASICUITests.xctest */;
			productType = "com.apple.product-type.bundle.ui-testing";
		};
/* End PBXNativeTarget section */

/* Begin PBXProject section */
		9F1D83DC2CFCC16800223F2D /* Project object */ = {
			isa = PBXProject;
			attributes = {
				BuildIndependentTargetsInParallel = 1;
				LastSwiftUpdateCheck = 1540;
				LastUpgradeCheck = 1540;
				TargetAttributes = {
					9F1D83E32CFCC16800223F2D = {
						CreatedOnToolsVersion = 15.4;
					};
					9F1D83F92CFCC16A00223F2D = {
						CreatedOnToolsVersion = 15.4;
						TestTargetID = 9F1D83E32CFCC16800223F2D;
					};
					9F1D84032CFCC16A00223F2D = {
						CreatedOnToolsVersion = 15.4;
						TestTargetID = 9F1D83E32CFCC16800223F2D;
					};
				};
			};
			buildConfigurationList = 9F1D83DF2CFCC16800223F2D /* Build configuration list for PBXProject "MY BASIC" */;
			compatibilityVersion = "Xcode 14.0";
			developmentRegion = en;
			hasScannedForEncodings = 0;
			knownRegions = (
				en,
				Base,
			);
			mainGroup = 9F1D83DB2CFCC16800223F2D;
			productRefGroup = 9F1D83E52CFCC16800223F2D /* Products */;
			projectDirPath = "";
			projectRoot = "";
			targets = (
				9F1D83E32CFCC16800223F2D /* MY BASIC */,
				9F1D83F92CFCC16A00223F2D /* MY BASICTests */,
				9F1D84032CFCC16A00223F2D /* MY BASICUITests */,
			);
		};
/* End PBXProject section */

/* Begin PBXResourcesBuildPhase section */
		9F1D83E22CFCC16800223F2D /* Resources */ = {
			isa = PBXResourcesBuildPhase;
			buildActionMask = 2147483647;
			files = (
				9F1D83F12CFCC16A00223F2D /* Assets.xcassets in Resources */,
				9F1D83F42CFCC16A00223F2D /* Base in Resources */,
				9F1D83EF2CFCC16800223F2D /* Base in Resources */,
			);
			runOnlyForDeploymentPostprocessing = 0;
		};
		9F1D83F82CFCC16A00223F2D /* Resources */ = {
			isa = PBXResourcesBuildPhase;
			buildActionMask = 2147483647;
			files = (
			);
			runOnlyForDeploymentPostprocessing = 0;
		};
		9F1D84022CFCC16A00223F2D /* Resources */ = {
			isa = PBXResourcesBuildPhase;
			buildActionMask = 2147483647;
			files = (
			);
			runOnlyForDeploymentPostprocessing = 0;
		};
/* End PBXResourcesBuildPhase section */

/* Begin PBXSourcesBuildPhase section */
		9F1D83E02CFCC16800223F2D /* Sources */ = {
			isa = PBXSourcesBuildPhase;
			buildActionMask = 2147483647;
			files = (
				9F1D83EC2CFCC16800223F2D /* ViewController.swift in Sources */,
				9F1D83E82CFCC16800223F2D /* AppDelegate.swift in Sources */,
				9F1D83EA2CFCC16800223F2D /* SceneDelegate.swift in Sources */,
			);
			runOnlyForDeploymentPostprocessing = 0;
		};
		9F1D83F62CFCC16A00223F2D /* Sources */ = {
			isa = PBXSourcesBuildPhase;
			buildActionMask = 2147483647;
			files = (
				9F1D83FF2CFCC16A00223F2D /* MY_BASICTests.swift in Sources */,
			);
			runOnlyForDeploymentPostprocessing = 0;
		};
		9F1D84002CFCC16A00223F2D /* Sources */ = {
			isa = PBXSourcesBuildPhase;
			buildActionMask = 2147483647;
			files = (
				9F1D840B2CFCC16A00223F2D /* MY_BASICUITestsLaunchTests.swift in Sources */,
				9F1D84092CFCC16A00223F2D /* MY_BASICUITests.swift in Sources */,
			);
			runOnlyForDeploymentPostprocessing = 0;
		};
/* End PBXSourcesBuildPhase section */

/* Begin PBXTargetDependency section */
		9F1D83FC2CFCC16A00223F2D /* PBXTargetDependency */ = {
			isa = PBXTargetDependency;
			target = 9F1D83E32CFCC16800223F2D /* MY BASIC */;
			targetProxy = 9F1D83FB2CFCC16A00223F2D /* PBXContainerItemProxy */;
		};
		9F1D84062CFCC16A00223F2D /* PBXTargetDependency */ = {
			isa = PBXTargetDependency;
			target = 9F1D83E32CFCC16800223F2D /* MY BASIC */;
			targetProxy = 9F1D84052CFCC16A00223F2D /* PBXContainerItemProxy */;
		};
/* End PBXTargetDependency section */

/* Begin PBXVariantGroup section */
		9F1D83ED2CFCC16800223F2D /* Main.storyboard */ = {
			isa = PBXVariantGroup;
			children = (
				9F1D83EE2CFCC16800223F2D /* Base */,
			);
			name = Main.storyboard;
			sourceTree = "<group>";
		};
		9F1D83F22CFCC16A00223F2D /* LaunchScreen.storyboard */ = {
			isa = PBXVariantGroup;
			children = (
				9F1D83F32CFCC16A00223F2D /* Base */,
			);
			name = LaunchScreen.storyboard;
			sourceTree = "<group>";
		};
/* End PBXVariantGroup section */

/* Begin XCBuildConfiguration section */
		9F1D840C2CFCC16A00223F2D /* Debug */ = {
			isa = XCBuildConfiguration;
			buildSettings = {
				ALWAYS_SEARCH_USER_PATHS = NO;
				ASSETCATALOG_COMPILER_GENERATE_SWIFT_ASSET_SYMBOL_EXTENSIONS = YES;
				CLANG_ANALYZER_NONNULL = YES;
				CLANG_ANALYZER_NUMBER_OBJECT_CONVERSION = YES_AGGRESSIVE;
				CLANG_CXX_LANGUAGE_STANDARD = "gnu++20";
				CLANG_ENABLE_MODULES = YES;
				CLANG_ENABLE_OBJC_ARC = YES;
				CLANG_ENABLE_OBJC_WEAK = YES;
				CLANG_WARN_BLOCK_CAPTURE_AUTORELEASING = YES;
				CLANG_WARN_BOOL_CONVERSION = YES;
				CLANG_WARN_COMMA = YES;
				CLANG_WARN_CONSTANT_CONVERSION = YES;
				CLANG_WARN_DEPRECATED_OBJC_IMPLEMENTATIONS = YES;
				CLANG_WARN_DIRECT_OBJC_ISA_USAGE = YES_ERROR;
				CLANG_WARN_DOCUMENTATION_COMMENTS = YES;
				CLANG_WARN_EMPTY_BODY = YES;
				CLANG_WARN_ENUM_CONVERSION = YES;
				CLANG_WARN_INFINITE_RECURSION = YES;
				CLANG_WARN_INT_CONVERSION = YES;
				CLANG_WARN_NON_LITERAL_NULL_CONVERSION = YES;
				CLANG_WARN_OBJC_IMPLICIT_RETAIN_SELF = YES;
				CLANG_WARN_OBJC_LITERAL_CONVERSION = YES;
				CLANG_WARN_OBJC_ROOT_CLASS = YES_ERROR;
				CLANG_WARN_QUOTED_INCLUDE_IN_FRAMEWORK_HEADER = YES;
				CLANG_WARN_RANGE_LOOP_ANALYSIS = YES;
				CLANG_WARN_STRICT_PROTOTYPES = YES;
				CLANG_WARN_SUSPICIOUS_MOVE = YES;
				CLANG_WARN_UNGUARDED_AVAILABILITY = YES_AGGRESSIVE;
				CLANG_WARN_UNREACHABLE_CODE = YES;
				CLANG_WARN__DUPLICATE_METHOD_MATCH = YES;
				COPY_PHASE_STRIP = NO;
				DEBUG_INFORMATION_FORMAT = dwarf;
				ENABLE_STRICT_OBJC_MSGSEND = YES;
				ENABLE_TESTABILITY = YES;
				ENABLE_USER_SCRIPT_SANDBOXING = YES;
				GCC_C_LANGUAGE_STANDARD = gnu17;
				GCC_DYNAMIC_NO_PIC = NO;
				GCC_NO_COMMON_BLOCKS = YES;
				GCC_OPTIMIZATION_LEVEL = 0;
				GCC_PREPROCESSOR_DEFINITIONS = (
					"DEBUG=1",
					"$(inherited)",
				);
				GCC_WARN_64_TO_32_BIT_CONVERSION = YES;
				GCC_WARN_ABOUT_RETURN_TYPE = YES_ERROR;
				GCC_WARN_UNDECLARED_SELECTOR = YES;
				GCC_WARN_UNINITIALIZED_AUTOS = YES_AGGRESSIVE;
				GCC_WARN_UNUSED_FUNCTION = YES;
				GCC_WARN_UNUSED_VARIABLE = YES;
				IPHONEOS_DEPLOYMENT_TARGET = 17.5;
				LOCALIZATION_PREFERS_STRING_CATALOGS = YES;
				MTL_ENABLE_DEBUG_INFO = INCLUDE_SOURCE;
				MTL_FAST_MATH = YES;
				ONLY_ACTIVE_ARCH = YES;
				SDKROOT = iphoneos;
				SWIFT_ACTIVE_COMPILATION_CONDITIONS = "DEBUG $(inherited)";
				SWIFT_OPTIMIZATION_LEVEL = "-Onone";
			};
			name = Debug;
		};
		9F1D840D2CFCC16A00223F2D /* Release */ = {
			isa = XCBuildConfiguration;
			buildSettings = {
				ALWAYS_SEARCH_USER_PATHS = NO;
				ASSETCATALOG_COMPILER_GENERATE_SWIFT_ASSET_SYMBOL_EXTENSIONS = YES;
				CLANG_ANALYZER_NONNULL = YES;
				CLANG_ANALYZER_NUMBER_OBJECT_CONVERSION = YES_AGGRESSIVE;
				CLANG_CXX_LANGUAGE_STANDARD = "gnu++20";
				CLANG_ENABLE_MODULES = YES;
				CLANG_ENABLE_OBJC_ARC = YES;
				CLANG_ENABLE_OBJC_WEAK = YES;
				CLANG_WARN_BLOCK_CAPTURE_AUTORELEASING = YES;
				CLANG_WARN_BOOL_CONVERSION = YES;
				CLANG_WARN_COMMA = YES;
				CLANG_WARN_CONSTANT_CONVERSION = YES;
				CLANG_WARN_DEPRECATED_OBJC_IMPLEMENTATIONS = YES;
				CLANG_WARN_DIRECT_OBJC_ISA_USAGE = YES_ERROR;
				CLANG_WARN_DOCUMENTATION_COMMENTS = YES;
				CLANG_WARN_EMPTY_BODY = YES;
				CLANG_WARN_ENUM_CONVERSION = YES;
				CLANG_WARN_INFINITE_RECURSION = YES;
				CLANG_WARN_INT_CONVERSION = YES;
				CLANG_WARN_NON_LITERAL_NULL_CONVERSION = YES;
				CLANG_WARN_OBJC_IMPLICIT_RETAIN_SELF = YES;
				CLANG_WARN_OBJC_LITERAL_CONVERSION = YES;
				CLANG_WARN_OBJC_ROOT_CLASS = YES_ERROR;
				CLANG_WARN_QUOTED_INCLUDE_IN_FRAMEWORK_HEADER = YES;
				CLANG_WARN_RANGE_LOOP_ANALYSIS = YES;
				CLANG_WARN_STRICT_PROTOTYPES = YES;
				CLANG_WARN_SUSPICIOUS_MOVE = YES;
				CLANG_WARN_UNGUARDED_AVAILABILITY = YES_AGGRESSIVE;
				CLANG_WARN_UNREACHABLE_CODE = YES;
				CLANG_WARN__DUPLICATE_METHOD_MATCH = YES;
				COPY_PHASE_STRIP = NO;
				DEBUG_INFORMATION_FORMAT = "dwarf-with-dsym";
				ENABLE_NS_ASSERTIONS = NO;
				ENABLE_STRICT_OBJC_MSGSEND = YES;
				ENABLE_USER_SCRIPT_SANDBOXING = YES;
				GCC_C_LANGUAGE_STANDARD = gnu17;
				GCC_NO_COMMON_BLOCKS = YES;
				GCC_WARN_64_TO_32_BIT_CONVERSION = YES;
				GCC_WARN_ABOUT_RETURN_TYPE = YES_ERROR;
				GCC_WARN_UNDECLARED_SELECTOR = YES;
				GCC_WARN_UNINITIALIZED_AUTOS = YES_AGGRESSIVE;
				GCC_WARN_UNUSED_FUNCTION = YES;
				GCC_WARN_UNUSED_VARIABLE = YES;
				IPHONEOS_DEPLOYMENT_TARGET = 17.5;
				LOCALIZATION_PREFERS_STRING_CATALOGS = YES;
				MTL_ENABLE_DEBUG_INFO = NO;
				MTL_FAST_MATH = YES;
				SDKROOT = iphoneos;
				SWIFT_COMPILATION_MODE = wholemodule;
				VALIDATE_PRODUCT = YES;
			};
			name = Release;
		};
		9F1D840F2CFCC16A00223F2D /* Debug */ = {
			isa = XCBuildConfiguration;
			buildSettings = {
				ASSETCATALOG_COMPILER_APPICON_NAME = AppIcon;
				ASSETCATALOG_COMPILER_GLOBAL_ACCENT_COLOR_NAME = AccentColor;
				CODE_SIGN_STYLE = Automatic;
				CURRENT_PROJECT_VERSION = 1;
				GENERATE_INFOPLIST_FILE = YES;
				INFOPLIST_FILE = "MY BASIC/Info.plist";
				INFOPLIST_KEY_UIApplicationSupportsIndirectInputEvents = YES;
				INFOPLIST_KEY_UILaunchStoryboardName = LaunchScreen;
				INFOPLIST_KEY_UIMainStoryboardFile = Main;
				INFOPLIST_KEY_UISupportedInterfaceOrientations_iPad = "UIInterfaceOrientationPortrait UIInterfaceOrientationPortraitUpsideDown UIInterfaceOrientationLandscapeLeft UIInterfaceOrientationLandscapeRight";
				INFOPLIST_KEY_UISupportedInterfaceOrientations_iPhone = "UIInterfaceOrientationPortrait UIInterfaceOrientationLandscapeLeft UIInterfaceOrientationLandscapeRight";
				LD_RUNPATH_SEARCH_PATHS = (
					"$(inherited)",
					"@executable_path/Frameworks",
				);
				MARKETING_VERSION = 1.0;
				PRODUCT_BUNDLE_IDENTIFIER = "com.MYBASIC.MY-BASIC";
				PRODUCT_NAME = "$(TARGET_NAME)";
				SWIFT_EMIT_LOC_STRINGS = YES;
				SWIFT_VERSION = 5.0;
				TARGETED_DEVICE_FAMILY = "1,2";
			};
			name = Debug;
		};
		9F1D84102CFCC16A00223F2D /* Release */ = {
			isa = XCBuildConfiguration;
			buildSettings = {
				ASSETCATALOG_COMPILER_APPICON_NAME = AppIcon;
				ASSETCATALOG_COMPILER_GLOBAL_ACCENT_COLOR_NAME = AccentColor;
				CODE_SIGN_STYLE = Automatic;
				CURRENT_PROJECT_VERSION = 1;
				GENERATE_INFOPLIST_FILE = YES;
				INFOPLIST_FILE = "MY BASIC/Info.plist";
				INFOPLIST_KEY_UIApplicationSupportsIndirectInputEvents = YES;
				INFOPLIST_KEY_UILaunchStoryboardName = LaunchScreen;
				INFOPLIST_KEY_UIMainStoryboardFile = Main;
				INFOPLIST_KEY_UISupportedInterfaceOrientations_iPad = "UIInterfaceOrientationPortrait UIInterfaceOrientationPortraitUpsideDown UIInterfaceOrientationLandscapeLeft UIInterfaceOrientationLandscapeRight";
				INFOPLIST_KEY_UISupportedInterfaceOrientations_iPhone = "UIInterfaceOrientationPortrait UIInterfaceOrientationLandscapeLeft UIInterfaceOrientationLandscapeRight";
				LD_RUNPATH_SEARCH_PATHS = (
					"$(inherited)",
					"@executable_path/Frameworks",
				);
				MARKETING_VERSION = 1.0;
				PRODUCT_BUNDLE_IDENTIFIER = "com.MYBASIC.MY-BASIC";
				PRODUCT_NAME = "$(TARGET_NAME)";
				SWIFT_EMIT_LOC_STRINGS = YES;
				SWIFT_VERSION = 5.0;
				TARGETED_DEVICE_FAMILY = "1,2";
			};
			name = Release;
		};
		9F1D84122CFCC16A00223F2D /* Debug */ = {
			isa = XCBuildConfiguration;
			buildSettings = {
				ALWAYS_EMBED_SWIFT_STANDARD_LIBRARIES = YES;
				BUNDLE_LOADER = "$(TEST_HOST)";
				CODE_SIGN_STYLE = Automatic;
				CURRENT_PROJECT_VERSION = 1;
				GENERATE_INFOPLIST_FILE = YES;
				IPHONEOS_DEPLOYMENT_TARGET = 17.5;
				MARKETING_VERSION = 1.0;
				PRODUCT_BUNDLE_IDENTIFIER = "com.MYBASIC.MY-BASICTests";
				PRODUCT_NAME = "$(TARGET_NAME)";
				SWIFT_EMIT_LOC_STRINGS = NO;
				SWIFT_VERSION = 5.0;
				TARGETED_DEVICE_FAMILY = "1,2";
				TEST_HOST = "$(BUILT_PRODUCTS_DIR)/MY BASIC.app/$(BUNDLE_EXECUTABLE_FOLDER_PATH)/MY BASIC";
			};
			name = Debug;
		};
		9F1D84132CFCC16A00223F2D /* Release */ = {
			isa = XCBuildConfiguration;
			buildSettings = {
				ALWAYS_EMBED_SWIFT_STANDARD_LIBRARIES = YES;
				BUNDLE_LOADER = "$(TEST_HOST)";
				CODE_SIGN_STYLE = Automatic;
				CURRENT_PROJECT_VERSION = 1;
				GENERATE_INFOPLIST_FILE = YES;
				IPHONEOS_DEPLOYMENT_TARGET = 17.5;
				MARKETING_VERSION = 1.0;
				PRODUCT_BUNDLE_IDENTIFIER = "com.MYBASIC.MY-BASICTests";
				PRODUCT_NAME = "$(TARGET_NAME)";
				SWIFT_EMIT_LOC_STRINGS = NO;
				SWIFT_VERSION = 5.0;
				TARGETED_DEVICE_FAMILY = "1,2";
				TEST_HOST = "$(BUILT_PRODUCTS_DIR)/MY BASIC.app/$(BUNDLE_EXECUTABLE_FOLDER_PATH)/MY BASIC";
			};
			name = Release;
		};
		9F1D84152CFCC16A00223F2D /* Debug */ = {
			isa = XCBuildConfiguration;
			buildSettings = {
				ALWAYS_EMBED_SWIFT_STANDARD_LIBRARIES = YES;
				CODE_SIGN_STYLE = Automatic;
				CURRENT_PROJECT_VERSION = 1;
				GENERATE_INFOPLIST_FILE = YES;
				MARKETING_VERSION = 1.0;
				PRODUCT_BUNDLE_IDENTIFIER = "com.MYBASIC.MY-BASICUITests";
				PRODUCT_NAME = "$(TARGET_NAME)";
				SWIFT_EMIT_LOC_STRINGS = NO;
				SWIFT_VERSION = 5.0;
				TARGETED_DEVICE_FAMILY = "1,2";
				TEST_TARGET_NAME = "MY BASIC";
			};
			name = Debug;
		};
		9F1D84162CFCC16A00223F2D /* Release */ = {
			isa = XCBuildConfiguration;
			buildSettings = {
				ALWAYS_EMBED_SWIFT_STANDARD_LIBRARIES = YES;
				CODE_SIGN_STYLE = Automatic;
				CURRENT_PROJECT_VERSION = 1;
				GENERATE_INFOPLIST_FILE = YES;
				MARKETING_VERSION = 1.0;
				PRODUCT_BUNDLE_IDENTIFIER = "com.MYBASIC.MY-BASICUITests";
				PRODUCT_NAME = "$(TARGET_NAME)";
				SWIFT_EMIT_LOC_STRINGS = NO;
				SWIFT_VERSION = 5.0;
				TARGETED_DEVICE_FAMILY = "1,2";
				TEST_TARGET_NAME = "MY BASIC";
			};
			name = Release;
		};
/* End XCBuildConfiguration section */

/* Begin XCConfigurationList section */
		9F1D83DF2CFCC16800223F2D /* Build configuration list for PBXProject "MY BASIC" */ = {
			isa = XCConfigurationList;
			buildConfigurations = (
				9F1D840C2CFCC16A00223F2D /* Debug */,
				9F1D840D2CFCC16A00223F2D /* Release */,
			);
			defaultConfigurationIsVisible = 0;
			defaultConfigurationName = Release;
		};
		9F1D840E2CFCC16A00223F2D /* Build configuration list for PBXNativeTarget "MY BASIC" */ = {
			isa = XCConfigurationList;
			buildConfigurations = (
				9F1D840F2CFCC16A00223F2D /* Debug */,
				9F1D84102CFCC16A00223F2D /* Release */,
			);
			defaultConfigurationIsVisible = 0;
			defaultConfigurationName = Release;
		};
		9F1D84112CFCC16A00223F2D /* Build configuration list for PBXNativeTarget "MY BASICTests" */ = {
			isa = XCConfigurationList;
			buildConfigurations = (
				9F1D84122CFCC16A00223F2D /* Debug */,
				9F1D84132CFCC16A00223F2D /* Release */,
			);
			defaultConfigurationIsVisible = 0;
			defaultConfigurationName = Release;
		};
		9F1D84142CFCC16A00223F2D /* Build configuration list for PBXNativeTarget "MY BASICUITests" */ = {
			isa = XCConfigurationList;
			buildConfigurations = (
				9F1D84152CFCC16A00223F2D /* Debug */,
				9F1D84162CFCC16A00223F2D /* Release */,
			);
			defaultConfigurationIsVisible = 0;
			defaultConfigurationName = Release;
		};
/* End XCConfigurationList section */
	};
	rootObject = 9F1D83DC2CFCC16800223F2D /* Project object */;
}
